
Microsoft Visual Studio Solution File, Format Version 12.00
# Visual Studio 15
VisualStudioVersion = 15.0.28010.2026
MinimumVisualStudioVersion = 10.0.40219.1
Project("{8BC9CEB8-8B4A-11D0-8D11-00A0C91BC942}") = "OpenTileEngine", "OpenTileEngine\OpenTileEngine.vcxitems", "{722D7838-ABB7-46FE-BC1F-2166C8A4B2ED}"
EndProject
Global
	GlobalSection(SolutionProperties) = preSolution
		HideSolutionNode = FALSE
	EndGlobalSection
	GlobalSection(ExtensibilityGlobals) = postSolution
		SolutionGuid = {118800FE-3602-4762-936C-335BFA7804AB}
	EndGlobalSection
EndGlobal
